// !$*UTF8*$!
{
	archiveVersion = 1;
	classes = {
	};
	objectVersion = 56;
	objects = {

/* Begin PBXBuildFile section */
		2A22DFC82A3BFF0C00A2FBAD /* SignUp_LogInApp.swift in Sources */ = {isa = PBXBuildFile; fileRef = 2A22DFC72A3BFF0C00A2FBAD /* SignUp_LogInApp.swift */; };
		2A22DFCA2A3BFF0C00A2FBAD /* ContentView.swift in Sources */ = {isa = PBXBuildFile; fileRef = 2A22DFC92A3BFF0C00A2FBAD /* ContentView.swift */; };
		2A22DFCC2A3BFF0F00A2FBAD /* Assets.xcassets in Resources */ = {isa = PBXBuildFile; fileRef = 2A22DFCB2A3BFF0F00A2FBAD /* Assets.xcassets */; };
		2A22DFD02A3BFF0F00A2FBAD /* Preview Assets.xcassets in Resources */ = {isa = PBXBuildFile; fileRef = 2A22DFCF2A3BFF0F00A2FBAD /* Preview Assets.xcassets */; };
		2A22DFDA2A3BFF0F00A2FBAD /* SignUp_LogInTests.swift in Sources */ = {isa = PBXBuildFile; fileRef = 2A22DFD92A3BFF0F00A2FBAD /* SignUp_LogInTests.swift */; };
		2A22DFE42A3BFF0F00A2FBAD /* SignUp_LogInUITests.swift in Sources */ = {isa = PBXBuildFile; fileRef = 2A22DFE32A3BFF0F00A2FBAD /* SignUp_LogInUITests.swift */; };
		2A22DFE62A3BFF0F00A2FBAD /* SignUp_LogInUITestsLaunchTests.swift in Sources */ = {isa = PBXBuildFile; fileRef = 2A22DFE52A3BFF0F00A2FBAD /* SignUp_LogInUITestsLaunchTests.swift */; };
		2A22DFFB2A3C00F800A2FBAD /* LoginView.swift in Sources */ = {isa = PBXBuildFile; fileRef = 2A22DFFA2A3C00F800A2FBAD /* LoginView.swift */; };
		2A22DFFD2A3C059A00A2FBAD /* InputView.swift in Sources */ = {isa = PBXBuildFile; fileRef = 2A22DFFC2A3C059A00A2FBAD /* InputView.swift */; };
		2A22DFFF2A3C12B000A2FBAD /* SignUpView.swift in Sources */ = {isa = PBXBuildFile; fileRef = 2A22DFFE2A3C12B000A2FBAD /* SignUpView.swift */; };
		2A22E0012A3D129A00A2FBAD /* ProfileView.swift in Sources */ = {isa = PBXBuildFile; fileRef = 2A22E0002A3D129A00A2FBAD /* ProfileView.swift */; };
		2A22E0032A3D5BE600A2FBAD /* SettingsRowView.swift in Sources */ = {isa = PBXBuildFile; fileRef = 2A22E0022A3D5BE600A2FBAD /* SettingsRowView.swift */; };
		2A22E0052A3D617300A2FBAD /* User.swift in Sources */ = {isa = PBXBuildFile; fileRef = 2A22E0042A3D617300A2FBAD /* User.swift */; };
		2A22E0072A3D679C00A2FBAD /* GoogleService-Info.plist in Resources */ = {isa = PBXBuildFile; fileRef = 2A22E0062A3D679C00A2FBAD /* GoogleService-Info.plist */; };
		2A22E00A2A3D6A3100A2FBAD /* FirebaseAuth in Frameworks */ = {isa = PBXBuildFile; productRef = 2A22E0092A3D6A3100A2FBAD /* FirebaseAuth */; };
		2A22E00C2A3D6A3100A2FBAD /* FirebaseFirestore in Frameworks */ = {isa = PBXBuildFile; productRef = 2A22E00B2A3D6A3100A2FBAD /* FirebaseFirestore */; };
		2A22E00E2A3D6A3100A2FBAD /* FirebaseFirestoreSwift in Frameworks */ = {isa = PBXBuildFile; productRef = 2A22E00D2A3D6A3100A2FBAD /* FirebaseFirestoreSwift */; };
		2A22E0102A3D6A3100A2FBAD /* FirebaseStorage in Frameworks */ = {isa = PBXBuildFile; productRef = 2A22E00F2A3D6A3100A2FBAD /* FirebaseStorage */; };
		2A22E0142A3D6AAC00A2FBAD /* AuthViewModel.swift in Sources */ = {isa = PBXBuildFile; fileRef = 2A22E0132A3D6AAC00A2FBAD /* AuthViewModel.swift */; };
/* End PBXBuildFile section */

/* Begin PBXContainerItemProxy section */
		2A22DFD62A3BFF0F00A2FBAD /* PBXContainerItemProxy */ = {
			isa = PBXContainerItemProxy;
			containerPortal = 2A22DFBC2A3BFF0C00A2FBAD /* Project object */;
			proxyType = 1;
			remoteGlobalIDString = 2A22DFC32A3BFF0C00A2FBAD;
			remoteInfo = SignUp_LogIn;
		};
		2A22DFE02A3BFF0F00A2FBAD /* PBXContainerItemProxy */ = {
			isa = PBXContainerItemProxy;
			containerPortal = 2A22DFBC2A3BFF0C00A2FBAD /* Project object */;
			proxyType = 1;
			remoteGlobalIDString = 2A22DFC32A3BFF0C00A2FBAD;
			remoteInfo = SignUp_LogIn;
		};
/* End PBXContainerItemProxy section */

/* Begin PBXFileReference section */
		2A22DFC42A3BFF0C00A2FBAD /* SignUp_LogIn.app */ = {isa = PBXFileReference; explicitFileType = wrapper.application; includeInIndex = 0; path = SignUp_LogIn.app; sourceTree = BUILT_PRODUCTS_DIR; };
		2A22DFC72A3BFF0C00A2FBAD /* SignUp_LogInApp.swift */ = {isa = PBXFileReference; lastKnownFileType = sourcecode.swift; path = SignUp_LogInApp.swift; sourceTree = "<group>"; };
		2A22DFC92A3BFF0C00A2FBAD /* ContentView.swift */ = {isa = PBXFileReference; lastKnownFileType = sourcecode.swift; path = ContentView.swift; sourceTree = "<group>"; };
		2A22DFCB2A3BFF0F00A2FBAD /* Assets.xcassets */ = {isa = PBXFileReference; lastKnownFileType = folder.assetcatalog; path = Assets.xcassets; sourceTree = "<group>"; };
		2A22DFCD2A3BFF0F00A2FBAD /* SignUp_LogIn.entitlements */ = {isa = PBXFileReference; lastKnownFileType = text.plist.entitlements; path = SignUp_LogIn.entitlements; sourceTree = "<group>"; };
		2A22DFCF2A3BFF0F00A2FBAD /* Preview Assets.xcassets */ = {isa = PBXFileReference; lastKnownFileType = folder.assetcatalog; path = "Preview Assets.xcassets"; sourceTree = "<group>"; };
		2A22DFD52A3BFF0F00A2FBAD /* SignUp_LogInTests.xctest */ = {isa = PBXFileReference; explicitFileType = wrapper.cfbundle; includeInIndex = 0; path = SignUp_LogInTests.xctest; sourceTree = BUILT_PRODUCTS_DIR; };
		2A22DFD92A3BFF0F00A2FBAD /* SignUp_LogInTests.swift */ = {isa = PBXFileReference; lastKnownFileType = sourcecode.swift; path = SignUp_LogInTests.swift; sourceTree = "<group>"; };
		2A22DFDF2A3BFF0F00A2FBAD /* SignUp_LogInUITests.xctest */ = {isa = PBXFileReference; explicitFileType = wrapper.cfbundle; includeInIndex = 0; path = SignUp_LogInUITests.xctest; sourceTree = BUILT_PRODUCTS_DIR; };
		2A22DFE32A3BFF0F00A2FBAD /* SignUp_LogInUITests.swift */ = {isa = PBXFileReference; lastKnownFileType = sourcecode.swift; path = SignUp_LogInUITests.swift; sourceTree = "<group>"; };
		2A22DFE52A3BFF0F00A2FBAD /* SignUp_LogInUITestsLaunchTests.swift */ = {isa = PBXFileReference; lastKnownFileType = sourcecode.swift; path = SignUp_LogInUITestsLaunchTests.swift; sourceTree = "<group>"; };
		2A22DFFA2A3C00F800A2FBAD /* LoginView.swift */ = {isa = PBXFileReference; lastKnownFileType = sourcecode.swift; path = LoginView.swift; sourceTree = "<group>"; };
		2A22DFFC2A3C059A00A2FBAD /* InputView.swift */ = {isa = PBXFileReference; lastKnownFileType = sourcecode.swift; path = InputView.swift; sourceTree = "<group>"; };
		2A22DFFE2A3C12B000A2FBAD /* SignUpView.swift */ = {isa = PBXFileReference; lastKnownFileType = sourcecode.swift; path = SignUpView.swift; sourceTree = "<group>"; };
		2A22E0002A3D129A00A2FBAD /* ProfileView.swift */ = {isa = PBXFileReference; lastKnownFileType = sourcecode.swift; path = ProfileView.swift; sourceTree = "<group>"; };
		2A22E0022A3D5BE600A2FBAD /* SettingsRowView.swift */ = {isa = PBXFileReference; lastKnownFileType = sourcecode.swift; path = SettingsRowView.swift; sourceTree = "<group>"; };
		2A22E0042A3D617300A2FBAD /* User.swift */ = {isa = PBXFileReference; lastKnownFileType = sourcecode.swift; path = User.swift; sourceTree = "<group>"; };
		2A22E0062A3D679C00A2FBAD /* GoogleService-Info.plist */ = {isa = PBXFileReference; fileEncoding = 4; lastKnownFileType = text.plist.xml; path = "GoogleService-Info.plist"; sourceTree = "<group>"; };
		2A22E0132A3D6AAC00A2FBAD /* AuthViewModel.swift */ = {isa = PBXFileReference; lastKnownFileType = sourcecode.swift; path = AuthViewModel.swift; sourceTree = "<group>"; };
/* End PBXFileReference section */

/* Begin PBXFrameworksBuildPhase section */
		2A22DFC12A3BFF0C00A2FBAD /* Frameworks */ = {
			isa = PBXFrameworksBuildPhase;
			buildActionMask = 2147483647;
			files = (
				2A22E00A2A3D6A3100A2FBAD /* FirebaseAuth in Frameworks */,
				2A22E0102A3D6A3100A2FBAD /* FirebaseStorage in Frameworks */,
				2A22E00C2A3D6A3100A2FBAD /* FirebaseFirestore in Frameworks */,
				2A22E00E2A3D6A3100A2FBAD /* FirebaseFirestoreSwift in Frameworks */,
			);
			runOnlyForDeploymentPostprocessing = 0;
		};
		2A22DFD22A3BFF0F00A2FBAD /* Frameworks */ = {
			isa = PBXFrameworksBuildPhase;
			buildActionMask = 2147483647;
			files = (
			);
			runOnlyForDeploymentPostprocessing = 0;
		};
		2A22DFDC2A3BFF0F00A2FBAD /* Frameworks */ = {
			isa = PBXFrameworksBuildPhase;
			buildActionMask = 2147483647;
			files = (
			);
			runOnlyForDeploymentPostprocessing = 0;
		};
/* End PBXFrameworksBuildPhase section */

/* Begin PBXGroup section */
		2A22DFBB2A3BFF0C00A2FBAD = {
			isa = PBXGroup;
			children = (
				2A22DFC62A3BFF0C00A2FBAD /* SignUp_LogIn */,
				2A22DFD82A3BFF0F00A2FBAD /* SignUp_LogInTests */,
				2A22DFE22A3BFF0F00A2FBAD /* SignUp_LogInUITests */,
				2A22DFC52A3BFF0C00A2FBAD /* Products */,
			);
			sourceTree = "<group>";
		};
		2A22DFC52A3BFF0C00A2FBAD /* Products */ = {
			isa = PBXGroup;
			children = (
				2A22DFC42A3BFF0C00A2FBAD /* SignUp_LogIn.app */,
				2A22DFD52A3BFF0F00A2FBAD /* SignUp_LogInTests.xctest */,
				2A22DFDF2A3BFF0F00A2FBAD /* SignUp_LogInUITests.xctest */,
			);
			name = Products;
			sourceTree = "<group>";
		};
		2A22DFC62A3BFF0C00A2FBAD /* SignUp_LogIn */ = {
			isa = PBXGroup;
			children = (
				2A22DFF62A3C000D00A2FBAD /* App */,
				2A22DFF52A3C000900A2FBAD /* Components */,
				2A22DFF42A3BFFF700A2FBAD /* Core */,
				2A22DFF32A3BFFF300A2FBAD /* Model */,
				2A22DFCB2A3BFF0F00A2FBAD /* Assets.xcassets */,
				2A22E0062A3D679C00A2FBAD /* GoogleService-Info.plist */,
				2A22DFCD2A3BFF0F00A2FBAD /* SignUp_LogIn.entitlements */,
				2A22DFCE2A3BFF0F00A2FBAD /* Preview Content */,
			);
			path = SignUp_LogIn;
			sourceTree = "<group>";
		};
		2A22DFCE2A3BFF0F00A2FBAD /* Preview Content */ = {
			isa = PBXGroup;
			children = (
				2A22DFCF2A3BFF0F00A2FBAD /* Preview Assets.xcassets */,
			);
			path = "Preview Content";
			sourceTree = "<group>";
		};
		2A22DFD82A3BFF0F00A2FBAD /* SignUp_LogInTests */ = {
			isa = PBXGroup;
			children = (
				2A22DFD92A3BFF0F00A2FBAD /* SignUp_LogInTests.swift */,
			);
			path = SignUp_LogInTests;
			sourceTree = "<group>";
		};
		2A22DFE22A3BFF0F00A2FBAD /* SignUp_LogInUITests */ = {
			isa = PBXGroup;
			children = (
				2A22DFE32A3BFF0F00A2FBAD /* SignUp_LogInUITests.swift */,
				2A22DFE52A3BFF0F00A2FBAD /* SignUp_LogInUITestsLaunchTests.swift */,
			);
			path = SignUp_LogInUITests;
			sourceTree = "<group>";
		};
		2A22DFF32A3BFFF300A2FBAD /* Model */ = {
			isa = PBXGroup;
			children = (
				2A22E0042A3D617300A2FBAD /* User.swift */,
			);
			path = Model;
			sourceTree = "<group>";
		};
		2A22DFF42A3BFFF700A2FBAD /* Core */ = {
			isa = PBXGroup;
			children = (
				2A22DFF82A3C00A700A2FBAD /* Authentication */,
				2A22DFF92A3C00B700A2FBAD /* Profile */,
				2A22DFF72A3C009A00A2FBAD /* Root */,
			);
			path = Core;
			sourceTree = "<group>";
		};
		2A22DFF52A3C000900A2FBAD /* Components */ = {
			isa = PBXGroup;
			children = (
				2A22DFFC2A3C059A00A2FBAD /* InputView.swift */,
				2A22E0022A3D5BE600A2FBAD /* SettingsRowView.swift */,
			);
			path = Components;
			sourceTree = "<group>";
		};
		2A22DFF62A3C000D00A2FBAD /* App */ = {
			isa = PBXGroup;
			children = (
				2A22DFC72A3BFF0C00A2FBAD /* SignUp_LogInApp.swift */,
			);
			path = App;
			sourceTree = "<group>";
		};
		2A22DFF72A3C009A00A2FBAD /* Root */ = {
			isa = PBXGroup;
			children = (
				2A22DFC92A3BFF0C00A2FBAD /* ContentView.swift */,
			);
			path = Root;
			sourceTree = "<group>";
		};
		2A22DFF82A3C00A700A2FBAD /* Authentication */ = {
			isa = PBXGroup;
			children = (
				2A22E0112A3D6A7300A2FBAD /* View */,
				2A22E0122A3D6A7A00A2FBAD /* ViewModel */,
			);
			path = Authentication;
			sourceTree = "<group>";
		};
		2A22DFF92A3C00B700A2FBAD /* Profile */ = {
			isa = PBXGroup;
			children = (
				2A22E0002A3D129A00A2FBAD /* ProfileView.swift */,
			);
			path = Profile;
			sourceTree = "<group>";
		};
		2A22E0112A3D6A7300A2FBAD /* View */ = {
			isa = PBXGroup;
			children = (
				2A22DFFA2A3C00F800A2FBAD /* LoginView.swift */,
				2A22DFFE2A3C12B000A2FBAD /* SignUpView.swift */,
			);
			path = View;
			sourceTree = "<group>";
		};
		2A22E0122A3D6A7A00A2FBAD /* ViewModel */ = {
			isa = PBXGroup;
			children = (
				2A22E0132A3D6AAC00A2FBAD /* AuthViewModel.swift */,
			);
			path = ViewModel;
			sourceTree = "<group>";
		};
/* End PBXGroup section */

/* Begin PBXNativeTarget section */
		2A22DFC32A3BFF0C00A2FBAD /* SignUp_LogIn */ = {
			isa = PBXNativeTarget;
			buildConfigurationList = 2A22DFE92A3BFF0F00A2FBAD /* Build configuration list for PBXNativeTarget "SignUp_LogIn" */;
			buildPhases = (
				2A22DFC02A3BFF0C00A2FBAD /* Sources */,
				2A22DFC12A3BFF0C00A2FBAD /* Frameworks */,
				2A22DFC22A3BFF0C00A2FBAD /* Resources */,
			);
			buildRules = (
			);
			dependencies = (
			);
			name = SignUp_LogIn;
			packageProductDependencies = (
				2A22E0092A3D6A3100A2FBAD /* FirebaseAuth */,
				2A22E00B2A3D6A3100A2FBAD /* FirebaseFirestore */,
				2A22E00D2A3D6A3100A2FBAD /* FirebaseFirestoreSwift */,
				2A22E00F2A3D6A3100A2FBAD /* FirebaseStorage */,
			);
			productName = SignUp_LogIn;
			productReference = 2A22DFC42A3BFF0C00A2FBAD /* SignUp_LogIn.app */;
			productType = "com.apple.product-type.application";
		};
		2A22DFD42A3BFF0F00A2FBAD /* SignUp_LogInTests */ = {
			isa = PBXNativeTarget;
			buildConfigurationList = 2A22DFEC2A3BFF0F00A2FBAD /* Build configuration list for PBXNativeTarget "SignUp_LogInTests" */;
			buildPhases = (
				2A22DFD12A3BFF0F00A2FBAD /* Sources */,
				2A22DFD22A3BFF0F00A2FBAD /* Frameworks */,
				2A22DFD32A3BFF0F00A2FBAD /* Resources */,
			);
			buildRules = (
			);
			dependencies = (
				2A22DFD72A3BFF0F00A2FBAD /* PBXTargetDependency */,
			);
			name = SignUp_LogInTests;
			productName = SignUp_LogInTests;
			productReference = 2A22DFD52A3BFF0F00A2FBAD /* SignUp_LogInTests.xctest */;
			productType = "com.apple.product-type.bundle.unit-test";
		};
		2A22DFDE2A3BFF0F00A2FBAD /* SignUp_LogInUITests */ = {
			isa = PBXNativeTarget;
			buildConfigurationList = 2A22DFEF2A3BFF0F00A2FBAD /* Build configuration list for PBXNativeTarget "SignUp_LogInUITests" */;
			buildPhases = (
				2A22DFDB2A3BFF0F00A2FBAD /* Sources */,
				2A22DFDC2A3BFF0F00A2FBAD /* Frameworks */,
				2A22DFDD2A3BFF0F00A2FBAD /* Resources */,
			);
			buildRules = (
			);
			dependencies = (
				2A22DFE12A3BFF0F00A2FBAD /* PBXTargetDependency */,
			);
			name = SignUp_LogInUITests;
			productName = SignUp_LogInUITests;
			productReference = 2A22DFDF2A3BFF0F00A2FBAD /* SignUp_LogInUITests.xctest */;
			productType = "com.apple.product-type.bundle.ui-testing";
		};
/* End PBXNativeTarget section */

/* Begin PBXProject section */
		2A22DFBC2A3BFF0C00A2FBAD /* Project object */ = {
			isa = PBXProject;
			attributes = {
				BuildIndependentTargetsInParallel = 1;
				LastSwiftUpdateCheck = 1420;
				LastUpgradeCheck = 1420;
				TargetAttributes = {
					2A22DFC32A3BFF0C00A2FBAD = {
						CreatedOnToolsVersion = 14.2;
					};
					2A22DFD42A3BFF0F00A2FBAD = {
						CreatedOnToolsVersion = 14.2;
						TestTargetID = 2A22DFC32A3BFF0C00A2FBAD;
					};
					2A22DFDE2A3BFF0F00A2FBAD = {
						CreatedOnToolsVersion = 14.2;
						TestTargetID = 2A22DFC32A3BFF0C00A2FBAD;
					};
				};
			};
			buildConfigurationList = 2A22DFBF2A3BFF0C00A2FBAD /* Build configuration list for PBXProject "SignUp_LogIn" */;
			compatibilityVersion = "Xcode 14.0";
			developmentRegion = en;
			hasScannedForEncodings = 0;
			knownRegions = (
				en,
				Base,
			);
			mainGroup = 2A22DFBB2A3BFF0C00A2FBAD;
			packageReferences = (
				2A22E0082A3D6A3100A2FBAD /* XCRemoteSwiftPackageReference "firebase-ios-sdk" */,
			);
			productRefGroup = 2A22DFC52A3BFF0C00A2FBAD /* Products */;
			projectDirPath = "";
			projectRoot = "";
			targets = (
				2A22DFC32A3BFF0C00A2FBAD /* SignUp_LogIn */,
				2A22DFD42A3BFF0F00A2FBAD /* SignUp_LogInTests */,
				2A22DFDE2A3BFF0F00A2FBAD /* SignUp_LogInUITests */,
			);
		};
/* End PBXProject section */

/* Begin PBXResourcesBuildPhase section */
		2A22DFC22A3BFF0C00A2FBAD /* Resources */ = {
			isa = PBXResourcesBuildPhase;
			buildActionMask = 2147483647;
			files = (
				2A22DFD02A3BFF0F00A2FBAD /* Preview Assets.xcassets in Resources */,
				2A22DFCC2A3BFF0F00A2FBAD /* Assets.xcassets in Resources */,
				2A22E0072A3D679C00A2FBAD /* GoogleService-Info.plist in Resources */,
			);
			runOnlyForDeploymentPostprocessing = 0;
		};
		2A22DFD32A3BFF0F00A2FBAD /* Resources */ = {
			isa = PBXResourcesBuildPhase;
			buildActionMask = 2147483647;
			files = (
			);
			runOnlyForDeploymentPostprocessing = 0;
		};
		2A22DFDD2A3BFF0F00A2FBAD /* Resources */ = {
			isa = PBXResourcesBuildPhase;
			buildActionMask = 2147483647;
			files = (
			);
			runOnlyForDeploymentPostprocessing = 0;
		};
/* End PBXResourcesBuildPhase section */

/* Begin PBXSourcesBuildPhase section */
		2A22DFC02A3BFF0C00A2FBAD /* Sources */ = {
			isa = PBXSourcesBuildPhase;
			buildActionMask = 2147483647;
			files = (
				2A22DFFB2A3C00F800A2FBAD /* LoginView.swift in Sources */,
				2A22DFFF2A3C12B000A2FBAD /* SignUpView.swift in Sources */,
				2A22DFFD2A3C059A00A2FBAD /* InputView.swift in Sources */,
				2A22DFCA2A3BFF0C00A2FBAD /* ContentView.swift in Sources */,
				2A22E0052A3D617300A2FBAD /* User.swift in Sources */,
				2A22E0012A3D129A00A2FBAD /* ProfileView.swift in Sources */,
				2A22DFC82A3BFF0C00A2FBAD /* SignUp_LogInApp.swift in Sources */,
				2A22E0032A3D5BE600A2FBAD /* SettingsRowView.swift in Sources */,
				2A22E0142A3D6AAC00A2FBAD /* AuthViewModel.swift in Sources */,
			);
			runOnlyForDeploymentPostprocessing = 0;
		};
		2A22DFD12A3BFF0F00A2FBAD /* Sources */ = {
			isa = PBXSourcesBuildPhase;
			buildActionMask = 2147483647;
			files = (
				2A22DFDA2A3BFF0F00A2FBAD /* SignUp_LogInTests.swift in Sources */,
			);
			runOnlyForDeploymentPostprocessing = 0;
		};
		2A22DFDB2A3BFF0F00A2FBAD /* Sources */ = {
			isa = PBXSourcesBuildPhase;
			buildActionMask = 2147483647;
			files = (
				2A22DFE62A3BFF0F00A2FBAD /* SignUp_LogInUITestsLaunchTests.swift in Sources */,
				2A22DFE42A3BFF0F00A2FBAD /* SignUp_LogInUITests.swift in Sources */,
			);
			runOnlyForDeploymentPostprocessing = 0;
		};
/* End PBXSourcesBuildPhase section */

/* Begin PBXTargetDependency section */
		2A22DFD72A3BFF0F00A2FBAD /* PBXTargetDependency */ = {
			isa = PBXTargetDependency;
			target = 2A22DFC32A3BFF0C00A2FBAD /* SignUp_LogIn */;
			targetProxy = 2A22DFD62A3BFF0F00A2FBAD /* PBXContainerItemProxy */;
		};
		2A22DFE12A3BFF0F00A2FBAD /* PBXTargetDependency */ = {
			isa = PBXTargetDependency;
			target = 2A22DFC32A3BFF0C00A2FBAD /* SignUp_LogIn */;
			targetProxy = 2A22DFE02A3BFF0F00A2FBAD /* PBXContainerItemProxy */;
		};
/* End PBXTargetDependency section */

/* Begin XCBuildConfiguration section */
		2A22DFE72A3BFF0F00A2FBAD /* Debug */ = {
			isa = XCBuildConfiguration;
			buildSettings = {
				ALWAYS_SEARCH_USER_PATHS = NO;
				CLANG_ANALYZER_NONNULL = YES;
				CLANG_ANALYZER_NUMBER_OBJECT_CONVERSION = YES_AGGRESSIVE;
				CLANG_CXX_LANGUAGE_STANDARD = "gnu++20";
				CLANG_ENABLE_MODULES = YES;
				CLANG_ENABLE_OBJC_ARC = YES;
				CLANG_ENABLE_OBJC_WEAK = YES;
				CLANG_WARN_BLOCK_CAPTURE_AUTORELEASING = YES;
				CLANG_WARN_BOOL_CONVERSION = YES;
				CLANG_WARN_COMMA = YES;
				CLANG_WARN_CONSTANT_CONVERSION = YES;
				CLANG_WARN_DEPRECATED_OBJC_IMPLEMENTATIONS = YES;
				CLANG_WARN_DIRECT_OBJC_ISA_USAGE = YES_ERROR;
				CLANG_WARN_DOCUMENTATION_COMMENTS = YES;
				CLANG_WARN_EMPTY_BODY = YES;
				CLANG_WARN_ENUM_CONVERSION = YES;
				CLANG_WARN_INFINITE_RECURSION = YES;
				CLANG_WARN_INT_CONVERSION = YES;
				CLANG_WARN_NON_LITERAL_NULL_CONVERSION = YES;
				CLANG_WARN_OBJC_IMPLICIT_RETAIN_SELF = YES;
				CLANG_WARN_OBJC_LITERAL_CONVERSION = YES;
				CLANG_WARN_OBJC_ROOT_CLASS = YES_ERROR;
				CLANG_WARN_QUOTED_INCLUDE_IN_FRAMEWORK_HEADER = YES;
				CLANG_WARN_RANGE_LOOP_ANALYSIS = YES;
				CLANG_WARN_STRICT_PROTOTYPES = YES;
				CLANG_WARN_SUSPICIOUS_MOVE = YES;
				CLANG_WARN_UNGUARDED_AVAILABILITY = YES_AGGRESSIVE;
				CLANG_WARN_UNREACHABLE_CODE = YES;
				CLANG_WARN__DUPLICATE_METHOD_MATCH = YES;
				COPY_PHASE_STRIP = NO;
				DEBUG_INFORMATION_FORMAT = dwarf;
				ENABLE_STRICT_OBJC_MSGSEND = YES;
				ENABLE_TESTABILITY = YES;
				GCC_C_LANGUAGE_STANDARD = gnu11;
				GCC_DYNAMIC_NO_PIC = NO;
				GCC_NO_COMMON_BLOCKS = YES;
				GCC_OPTIMIZATION_LEVEL = 0;
				GCC_PREPROCESSOR_DEFINITIONS = (
					"DEBUG=1",
					"$(inherited)",
				);
				GCC_WARN_64_TO_32_BIT_CONVERSION = YES;
				GCC_WARN_ABOUT_RETURN_TYPE = YES_ERROR;
				GCC_WARN_UNDECLARED_SELECTOR = YES;
				GCC_WARN_UNINITIALIZED_AUTOS = YES_AGGRESSIVE;
				GCC_WARN_UNUSED_FUNCTION = YES;
				GCC_WARN_UNUSED_VARIABLE = YES;
				MTL_ENABLE_DEBUG_INFO = INCLUDE_SOURCE;
				MTL_FAST_MATH = YES;
				ONLY_ACTIVE_ARCH = YES;
				SWIFT_ACTIVE_COMPILATION_CONDITIONS = DEBUG;
				SWIFT_OPTIMIZATION_LEVEL = "-Onone";
			};
			name = Debug;
		};
		2A22DFE82A3BFF0F00A2FBAD /* Release */ = {
			isa = XCBuildConfiguration;
			buildSettings = {
				ALWAYS_SEARCH_USER_PATHS = NO;
				CLANG_ANALYZER_NONNULL = YES;
				CLANG_ANALYZER_NUMBER_OBJECT_CONVERSION = YES_AGGRESSIVE;
				CLANG_CXX_LANGUAGE_STANDARD = "gnu++20";
				CLANG_ENABLE_MODULES = YES;
				CLANG_ENABLE_OBJC_ARC = YES;
				CLANG_ENABLE_OBJC_WEAK = YES;
				CLANG_WARN_BLOCK_CAPTURE_AUTORELEASING = YES;
				CLANG_WARN_BOOL_CONVERSION = YES;
				CLANG_WARN_COMMA = YES;
				CLANG_WARN_CONSTANT_CONVERSION = YES;
				CLANG_WARN_DEPRECATED_OBJC_IMPLEMENTATIONS = YES;
				CLANG_WARN_DIRECT_OBJC_ISA_USAGE = YES_ERROR;
				CLANG_WARN_DOCUMENTATION_COMMENTS = YES;
				CLANG_WARN_EMPTY_BODY = YES;
				CLANG_WARN_ENUM_CONVERSION = YES;
				CLANG_WARN_INFINITE_RECURSION = YES;
				CLANG_WARN_INT_CONVERSION = YES;
				CLANG_WARN_NON_LITERAL_NULL_CONVERSION = YES;
				CLANG_WARN_OBJC_IMPLICIT_RETAIN_SELF = YES;
				CLANG_WARN_OBJC_LITERAL_CONVERSION = YES;
				CLANG_WARN_OBJC_ROOT_CLASS = YES_ERROR;
				CLANG_WARN_QUOTED_INCLUDE_IN_FRAMEWORK_HEADER = YES;
				CLANG_WARN_RANGE_LOOP_ANALYSIS = YES;
				CLANG_WARN_STRICT_PROTOTYPES = YES;
				CLANG_WARN_SUSPICIOUS_MOVE = YES;
				CLANG_WARN_UNGUARDED_AVAILABILITY = YES_AGGRESSIVE;
				CLANG_WARN_UNREACHABLE_CODE = YES;
				CLANG_WARN__DUPLICATE_METHOD_MATCH = YES;
				COPY_PHASE_STRIP = NO;
				DEBUG_INFORMATION_FORMAT = "dwarf-with-dsym";
				ENABLE_NS_ASSERTIONS = NO;
				ENABLE_STRICT_OBJC_MSGSEND = YES;
				GCC_C_LANGUAGE_STANDARD = gnu11;
				GCC_NO_COMMON_BLOCKS = YES;
				GCC_WARN_64_TO_32_BIT_CONVERSION = YES;
				GCC_WARN_ABOUT_RETURN_TYPE = YES_ERROR;
				GCC_WARN_UNDECLARED_SELECTOR = YES;
				GCC_WARN_UNINITIALIZED_AUTOS = YES_AGGRESSIVE;
				GCC_WARN_UNUSED_FUNCTION = YES;
				GCC_WARN_UNUSED_VARIABLE = YES;
				MTL_ENABLE_DEBUG_INFO = NO;
				MTL_FAST_MATH = YES;
				SWIFT_COMPILATION_MODE = wholemodule;
				SWIFT_OPTIMIZATION_LEVEL = "-O";
			};
			name = Release;
		};
		2A22DFEA2A3BFF0F00A2FBAD /* Debug */ = {
			isa = XCBuildConfiguration;
			buildSettings = {
				ASSETCATALOG_COMPILER_APPICON_NAME = AppIcon;
				ASSETCATALOG_COMPILER_GLOBAL_ACCENT_COLOR_NAME = AccentColor;
				CODE_SIGN_ENTITLEMENTS = SignUp_LogIn/SignUp_LogIn.entitlements;
				"CODE_SIGN_IDENTITY[sdk=macosx*]" = "Apple Development";
				CODE_SIGN_STYLE = Automatic;
				CURRENT_PROJECT_VERSION = 1;
				DEVELOPMENT_ASSET_PATHS = "\"SignUp_LogIn/Preview Content\"";
				DEVELOPMENT_TEAM = WGTP8M5UX7;
				ENABLE_PREVIEWS = YES;
				GENERATE_INFOPLIST_FILE = YES;
				"INFOPLIST_KEY_UIApplicationSceneManifest_Generation[sdk=iphoneos*]" = YES;
				"INFOPLIST_KEY_UIApplicationSceneManifest_Generation[sdk=iphonesimulator*]" = YES;
				"INFOPLIST_KEY_UIApplicationSupportsIndirectInputEvents[sdk=iphoneos*]" = YES;
				"INFOPLIST_KEY_UIApplicationSupportsIndirectInputEvents[sdk=iphonesimulator*]" = YES;
				"INFOPLIST_KEY_UILaunchScreen_Generation[sdk=iphoneos*]" = YES;
				"INFOPLIST_KEY_UILaunchScreen_Generation[sdk=iphonesimulator*]" = YES;
				"INFOPLIST_KEY_UIStatusBarStyle[sdk=iphoneos*]" = UIStatusBarStyleDefault;
				"INFOPLIST_KEY_UIStatusBarStyle[sdk=iphonesimulator*]" = UIStatusBarStyleDefault;
				INFOPLIST_KEY_UISupportedInterfaceOrientations_iPad = "UIInterfaceOrientationPortrait UIInterfaceOrientationPortraitUpsideDown UIInterfaceOrientationLandscapeLeft UIInterfaceOrientationLandscapeRight";
				INFOPLIST_KEY_UISupportedInterfaceOrientations_iPhone = "UIInterfaceOrientationPortrait UIInterfaceOrientationLandscapeLeft UIInterfaceOrientationLandscapeRight";
				IPHONEOS_DEPLOYMENT_TARGET = 16.2;
				LD_RUNPATH_SEARCH_PATHS = "@executable_path/Frameworks";
				"LD_RUNPATH_SEARCH_PATHS[sdk=macosx*]" = "@executable_path/../Frameworks";
				MACOSX_DEPLOYMENT_TARGET = 12.6;
				MARKETING_VERSION = 1.0;
				PRODUCT_BUNDLE_IDENTIFIER = "SwiftUI.SignUp-LogIn";
				PRODUCT_NAME = "$(TARGET_NAME)";
				SDKROOT = auto;
				SUPPORTED_PLATFORMS = "iphoneos iphonesimulator macosx";
				SWIFT_EMIT_LOC_STRINGS = YES;
				SWIFT_VERSION = 5.0;
				TARGETED_DEVICE_FAMILY = "1,2";
			};
			name = Debug;
		};
		2A22DFEB2A3BFF0F00A2FBAD /* Release */ = {
			isa = XCBuildConfiguration;
			buildSettings = {
				ASSETCATALOG_COMPILER_APPICON_NAME = AppIcon;
				ASSETCATALOG_COMPILER_GLOBAL_ACCENT_COLOR_NAME = AccentColor;
				CODE_SIGN_ENTITLEMENTS = SignUp_LogIn/SignUp_LogIn.entitlements;
				"CODE_SIGN_IDENTITY[sdk=macosx*]" = "Apple Development";
				CODE_SIGN_STYLE = Automatic;
				CURRENT_PROJECT_VERSION = 1;
				DEVELOPMENT_ASSET_PATHS = "\"SignUp_LogIn/Preview Content\"";
				DEVELOPMENT_TEAM = WGTP8M5UX7;
				ENABLE_PREVIEWS = YES;
				GENERATE_INFOPLIST_FILE = YES;
				"INFOPLIST_KEY_UIApplicationSceneManifest_Generation[sdk=iphoneos*]" = YES;
				"INFOPLIST_KEY_UIApplicationSceneManifest_Generation[sdk=iphonesimulator*]" = YES;
				"INFOPLIST_KEY_UIApplicationSupportsIndirectInputEvents[sdk=iphoneos*]" = YES;
				"INFOPLIST_KEY_UIApplicationSupportsIndirectInputEvents[sdk=iphonesimulator*]" = YES;
				"INFOPLIST_KEY_UILaunchScreen_Generation[sdk=iphoneos*]" = YES;
				"INFOPLIST_KEY_UILaunchScreen_Generation[sdk=iphonesimulator*]" = YES;
				"INFOPLIST_KEY_UIStatusBarStyle[sdk=iphoneos*]" = UIStatusBarStyleDefault;
				"INFOPLIST_KEY_UIStatusBarStyle[sdk=iphonesimulator*]" = UIStatusBarStyleDefault;
				INFOPLIST_KEY_UISupportedInterfaceOrientations_iPad = "UIInterfaceOrientationPortrait UIInterfaceOrientationPortraitUpsideDown UIInterfaceOrientationLandscapeLeft UIInterfaceOrientationLandscapeRight";
				INFOPLIST_KEY_UISupportedInterfaceOrientations_iPhone = "UIInterfaceOrientationPortrait UIInterfaceOrientationLandscapeLeft UIInterfaceOrientationLandscapeRight";
				IPHONEOS_DEPLOYMENT_TARGET = 16.2;
				LD_RUNPATH_SEARCH_PATHS = "@executable_path/Frameworks";
				"LD_RUNPATH_SEARCH_PATHS[sdk=macosx*]" = "@executable_path/../Frameworks";
				MACOSX_DEPLOYMENT_TARGET = 12.6;
				MARKETING_VERSION = 1.0;
				PRODUCT_BUNDLE_IDENTIFIER = "SwiftUI.SignUp-LogIn";
				PRODUCT_NAME = "$(TARGET_NAME)";
				SDKROOT = auto;
				SUPPORTED_PLATFORMS = "iphoneos iphonesimulator macosx";
				SWIFT_EMIT_LOC_STRINGS = YES;
				SWIFT_VERSION = 5.0;
				TARGETED_DEVICE_FAMILY = "1,2";
			};
			name = Release;
		};
		2A22DFED2A3BFF0F00A2FBAD /* Debug */ = {
			isa = XCBuildConfiguration;
			buildSettings = {
				ALWAYS_EMBED_SWIFT_STANDARD_LIBRARIES = YES;
				BUNDLE_LOADER = "$(TEST_HOST)";
				CODE_SIGN_STYLE = Automatic;
				CURRENT_PROJECT_VERSION = 1;
				GENERATE_INFOPLIST_FILE = YES;
				IPHONEOS_DEPLOYMENT_TARGET = 16.2;
				MACOSX_DEPLOYMENT_TARGET = 12.6;
				MARKETING_VERSION = 1.0;
				PRODUCT_BUNDLE_IDENTIFIER = "SwiftUI.SignUp-LogInTests";
				PRODUCT_NAME = "$(TARGET_NAME)";
				SDKROOT = auto;
				SUPPORTED_PLATFORMS = "iphoneos iphonesimulator macosx";
				SWIFT_EMIT_LOC_STRINGS = NO;
				SWIFT_VERSION = 5.0;
				TARGETED_DEVICE_FAMILY = "1,2";
				TEST_HOST = "$(BUILT_PRODUCTS_DIR)/SignUp_LogIn.app/$(BUNDLE_EXECUTABLE_FOLDER_PATH)/SignUp_LogIn";
			};
			name = Debug;
		};
		2A22DFEE2A3BFF0F00A2FBAD /* Release */ = {
			isa = XCBuildConfiguration;
			buildSettings = {
				ALWAYS_EMBED_SWIFT_STANDARD_LIBRARIES = YES;
				BUNDLE_LOADER = "$(TEST_HOST)";
				CODE_SIGN_STYLE = Automatic;
				CURRENT_PROJECT_VERSION = 1;
				GENERATE_INFOPLIST_FILE = YES;
				IPHONEOS_DEPLOYMENT_TARGET = 16.2;
				MACOSX_DEPLOYMENT_TARGET = 12.6;
				MARKETING_VERSION = 1.0;
				PRODUCT_BUNDLE_IDENTIFIER = "SwiftUI.SignUp-LogInTests";
				PRODUCT_NAME = "$(TARGET_NAME)";
				SDKROOT = auto;
				SUPPORTED_PLATFORMS = "iphoneos iphonesimulator macosx";
				SWIFT_EMIT_LOC_STRINGS = NO;
				SWIFT_VERSION = 5.0;
				TARGETED_DEVICE_FAMILY = "1,2";
				TEST_HOST = "$(BUILT_PRODUCTS_DIR)/SignUp_LogIn.app/$(BUNDLE_EXECUTABLE_FOLDER_PATH)/SignUp_LogIn";
			};
			name = Release;
		};
		2A22DFF02A3BFF0F00A2FBAD /* Debug */ = {
			isa = XCBuildConfiguration;
			buildSettings = {
				ALWAYS_EMBED_SWIFT_STANDARD_LIBRARIES = YES;
				CODE_SIGN_STYLE = Automatic;
				CURRENT_PROJECT_VERSION = 1;
				GENERATE_INFOPLIST_FILE = YES;
				IPHONEOS_DEPLOYMENT_TARGET = 16.2;
				MACOSX_DEPLOYMENT_TARGET = 12.6;
				MARKETING_VERSION = 1.0;
				PRODUCT_BUNDLE_IDENTIFIER = "SwiftUI.SignUp-LogInUITests";
				PRODUCT_NAME = "$(TARGET_NAME)";
				SDKROOT = auto;
				SUPPORTED_PLATFORMS = "iphoneos iphonesimulator macosx";
				SWIFT_EMIT_LOC_STRINGS = NO;
				SWIFT_VERSION = 5.0;
				TARGETED_DEVICE_FAMILY = "1,2";
				TEST_TARGET_NAME = SignUp_LogIn;
			};
			name = Debug;
		};
		2A22DFF12A3BFF0F00A2FBAD /* Release */ = {
			isa = XCBuildConfiguration;
			buildSettings = {
				ALWAYS_EMBED_SWIFT_STANDARD_LIBRARIES = YES;
				CODE_SIGN_STYLE = Automatic;
				CURRENT_PROJECT_VERSION = 1;
				GENERATE_INFOPLIST_FILE = YES;
				IPHONEOS_DEPLOYMENT_TARGET = 16.2;
				MACOSX_DEPLOYMENT_TARGET = 12.6;
				MARKETING_VERSION = 1.0;
				PRODUCT_BUNDLE_IDENTIFIER = "SwiftUI.SignUp-LogInUITests";
				PRODUCT_NAME = "$(TARGET_NAME)";
				SDKROOT = auto;
				SUPPORTED_PLATFORMS = "iphoneos iphonesimulator macosx";
				SWIFT_EMIT_LOC_STRINGS = NO;
				SWIFT_VERSION = 5.0;
				TARGETED_DEVICE_FAMILY = "1,2";
				TEST_TARGET_NAME = SignUp_LogIn;
			};
			name = Release;
		};
/* End XCBuildConfiguration section */

/* Begin XCConfigurationList section */
		2A22DFBF2A3BFF0C00A2FBAD /* Build configuration list for PBXProject "SignUp_LogIn" */ = {
			isa = XCConfigurationList;
			buildConfigurations = (
				2A22DFE72A3BFF0F00A2FBAD /* Debug */,
				2A22DFE82A3BFF0F00A2FBAD /* Release */,
			);
			defaultConfigurationIsVisible = 0;
			defaultConfigurationName = Release;
		};
		2A22DFE92A3BFF0F00A2FBAD /* Build configuration list for PBXNativeTarget "SignUp_LogIn" */ = {
			isa = XCConfigurationList;
			buildConfigurations = (
				2A22DFEA2A3BFF0F00A2FBAD /* Debug */,
				2A22DFEB2A3BFF0F00A2FBAD /* Release */,
			);
			defaultConfigurationIsVisible = 0;
			defaultConfigurationName = Release;
		};
		2A22DFEC2A3BFF0F00A2FBAD /* Build configuration list for PBXNativeTarget "SignUp_LogInTests" */ = {
			isa = XCConfigurationList;
			buildConfigurations = (
				2A22DFED2A3BFF0F00A2FBAD /* Debug */,
				2A22DFEE2A3BFF0F00A2FBAD /* Release */,
			);
			defaultConfigurationIsVisible = 0;
			defaultConfigurationName = Release;
		};
		2A22DFEF2A3BFF0F00A2FBAD /* Build configuration list for PBXNativeTarget "SignUp_LogInUITests" */ = {
			isa = XCConfigurationList;
			buildConfigurations = (
				2A22DFF02A3BFF0F00A2FBAD /* Debug */,
				2A22DFF12A3BFF0F00A2FBAD /* Release */,
			);
			defaultConfigurationIsVisible = 0;
			defaultConfigurationName = Release;
		};
/* End XCConfigurationList section */

/* Begin XCRemoteSwiftPackageReference section */
		2A22E0082A3D6A3100A2FBAD /* XCRemoteSwiftPackageReference "firebase-ios-sdk" */ = {
			isa = XCRemoteSwiftPackageReference;
			repositoryURL = "https://github.com/firebase/firebase-ios-sdk";
			requirement = {
				kind = upToNextMajorVersion;
				minimumVersion = 9.0.0;
			};
		};
/* End XCRemoteSwiftPackageReference section */

/* Begin XCSwiftPackageProductDependency section */
		2A22E0092A3D6A3100A2FBAD /* FirebaseAuth */ = {
			isa = XCSwiftPackageProductDependency;
			package = 2A22E0082A3D6A3100A2FBAD /* XCRemoteSwiftPackageReference "firebase-ios-sdk" */;
			productName = FirebaseAuth;
		};
		2A22E00B2A3D6A3100A2FBAD /* FirebaseFirestore */ = {
			isa = XCSwiftPackageProductDependency;
			package = 2A22E0082A3D6A3100A2FBAD /* XCRemoteSwiftPackageReference "firebase-ios-sdk" */;
			productName = FirebaseFirestore;
		};
		2A22E00D2A3D6A3100A2FBAD /* FirebaseFirestoreSwift */ = {
			isa = XCSwiftPackageProductDependency;
			package = 2A22E0082A3D6A3100A2FBAD /* XCRemoteSwiftPackageReference "firebase-ios-sdk" */;
			productName = FirebaseFirestoreSwift;
		};
		2A22E00F2A3D6A3100A2FBAD /* FirebaseStorage */ = {
			isa = XCSwiftPackageProductDependency;
			package = 2A22E0082A3D6A3100A2FBAD /* XCRemoteSwiftPackageReference "firebase-ios-sdk" */;
			productName = FirebaseStorage;
		};
/* End XCSwiftPackageProductDependency section */
	};
	rootObject = 2A22DFBC2A3BFF0C00A2FBAD /* Project object */;
}
